Microsoft Visual Studio Solution File, Format Version 12.00
# Visual Studio Version 17
VisualStudioVersion = 17.5.2.0
MinimumVisualStudioVersion = 10.0.40219.1
Project("{FAE04EC0-301F-11D3-BF4B-00C04F79EFBC}") = "EnterpriseManagement.Api", "EnterpriseManagement.Api.csproj", "{7AD373CD-B891-A620-4499-CC09F2BFEC4B}"
EndProject
Global
	GlobalSection(SolutionConfigurationPlatforms) = preSolution
		Debug|Any CPU = Debug|Any CPU
		Release|Any CPU = Release|Any CPU
	EndGlobalSection
	GlobalSection(ProjectConfigurationPlatforms) = postSolution
		{7AD373CD-B891-A620-4499-CC09F2BFEC4B}.Debug|Any CPU.ActiveCfg = Debug|Any CPU
		{7AD373CD-B891-A620-4499-CC09F2BFEC4B}.Debug|Any CPU.Build.0 = Debug|Any CPU
		{7AD373CD-B891-A620-4499-CC09F2BFEC4B}.Release|Any CPU.ActiveCfg = Release|Any CPU
		{7AD373CD-B891-A620-4499-CC09F2BFEC4B}.Release|Any CPU.Build.0 = Release|Any CPU
	EndGlobalSection
	GlobalSection(SolutionProperties) = preSolution
		HideSolutionNode = FALSE
	EndGlobalSection
	GlobalSection(ExtensibilityGlobals) = postSolution
		SolutionGuid = {F2032760-0E9F-4075-894D-21245D20A1F9}
	EndGlobalSection
EndGlobal
